
Microsoft Visual Studio Solution File, Format Version 12.00
# Visual Studio 15
VisualStudioVersion = 15.0.26730.16
MinimumVisualStudioVersion = 10.0.40219.1
Project("{D2ABAB84-BF74-430A-B69E-9DC6D40DDA17}") = "Task1Model", "Task1Model\Task1Model.dwproj", "{2732B1A0-62FD-4042-B94D-F20322B2A48E}"
EndProject
Global
	GlobalSection(SolutionConfigurationPlatforms) = preSolution
		Development|Default = Development|Default
	EndGlobalSection
	GlobalSection(ProjectConfigurationPlatforms) = postSolution
		{2732B1A0-62FD-4042-B94D-F20322B2A48E}.Development|Default.ActiveCfg = Development
		{2732B1A0-62FD-4042-B94D-F20322B2A48E}.Development|Default.Build.0 = Development
		{2732B1A0-62FD-4042-B94D-F20322B2A48E}.Development|Default.Deploy.0 = Development
	EndGlobalSection
	GlobalSection(SolutionProperties) = preSolution
		HideSolutionNode = FALSE
	EndGlobalSection
	GlobalSection(ExtensibilityGlobals) = postSolution
		SolutionGuid = {CC3383A7-52F9-43AE-9445-1BCF8082B6D7}
	EndGlobalSection
EndGlobal
